{
  "name": "inventory-management-system",
  "lockfileVersion": 3,
  "requires": true,
  "packages": {
    "": {
      "devDependencies": {
        "@types/redux-logger": "^3.0.13"
      }
    },
    "node_modules/@types/redux-logger": {
      "version": "3.0.13",
      "resolved": "https://registry.npmjs.org/@types/redux-logger/-/redux-logger-3.0.13.tgz",
      "integrity": "sha512-jylqZXQfMxahkuPcO8J12AKSSCQngdEWQrw7UiLUJzMBcv1r4Qg77P6mjGLjM27e5gFQDPD8vwUMJ9AyVxFSsg==",
      "dev": true,
      "license": "MIT",
      "dependencies": {
        "redux": "^5.0.0"
      }
    },
    "node_modules/redux": {
      "version": "5.0.1",
      "resolved": "https://registry.npmjs.org/redux/-/redux-5.0.1.tgz",
      "integrity": "sha512-M9/ELqF6fy8FwmkpnF0S3YKOqMyoWJ4+CS5Efg2ct3oY9daQvd/Pc71FpGZsVsbl3Cpb+IIcjBDUnnyBdQbq4w==",
      "dev": true,
      "license": "MIT"
    }
  }
}
